// !$*UTF8*$!
{
	archiveVersion = 1;
	classes = {
	};
	objectVersion = 50;
	objects = {

/* Begin PBXBuildFile section */
		49AA929622EE9AEC00413A63 /* AppDelegate.swift in Sources */ = {isa = PBXBuildFile; fileRef = 49AA929522EE9AEC00413A63 /* AppDelegate.swift */; };
		49AA929822EE9AEC00413A63 /* ViewController.swift in Sources */ = {isa = PBXBuildFile; fileRef = 49AA929722EE9AEC00413A63 /* ViewController.swift */; };
		49AA929B22EE9AEC00413A63 /* Main.storyboard in Resources */ = {isa = PBXBuildFile; fileRef = 49AA929922EE9AEC00413A63 /* Main.storyboard */; };
		49AA929D22EE9AED00413A63 /* Assets.xcassets in Resources */ = {isa = PBXBuildFile; fileRef = 49AA929C22EE9AED00413A63 /* Assets.xcassets */; };
		49AA92A022EE9AED00413A63 /* LaunchScreen.storyboard in Resources */ = {isa = PBXBuildFile; fileRef = 49AA929E22EE9AED00413A63 /* LaunchScreen.storyboard */; };
		49AA92A922EEA01F00413A63 /* README.md in Resources */ = {isa = PBXBuildFile; fileRef = 49AA92A822EEA01F00413A63 /* README.md */; };
/* End PBXBuildFile section */

/* Begin PBXFileReference section */
		494C334D22F00E98007B280C /* lab31_IMPORTANT_struct_and_class.playground */ = {isa = PBXFileReference; lastKnownFileType = file.playground; path = lab31_IMPORTANT_struct_and_class.playground; sourceTree = "<group>"; xcLanguageSpecificationIdentifier = xcode.lang.swift; };
		494C334E22F01352007B280C /* lab32_struct.playground */ = {isa = PBXFileReference; lastKnownFileType = file.playground; path = lab32_struct.playground; sourceTree = "<group>"; xcLanguageSpecificationIdentifier = xcode.lang.swift; };
		494C334F22F01526007B280C /* lab33_class_reference.playground */ = {isa = PBXFileReference; lastKnownFileType = file.playground; path = lab33_class_reference.playground; sourceTree = "<group>"; xcLanguageSpecificationIdentifier = xcode.lang.swift; };
		494C335022F01C74007B280C /* lab34_dictionary_equal.playground */ = {isa = PBXFileReference; lastKnownFileType = file.playground; path = lab34_dictionary_equal.playground; sourceTree = "<group>"; xcLanguageSpecificationIdentifier = xcode.lang.swift; };
		494C335122F01DCA007B280C /* lab35_array_equal.playground */ = {isa = PBXFileReference; lastKnownFileType = file.playground; path = lab35_array_equal.playground; sourceTree = "<group>"; xcLanguageSpecificationIdentifier = xcode.lang.swift; };
		494C335222F022B9007B280C /* lab36_store_property.playground */ = {isa = PBXFileReference; lastKnownFileType = file.playground; path = lab36_store_property.playground; sourceTree = "<group>"; xcLanguageSpecificationIdentifier = xcode.lang.swift; };
		494C335322F02447007B280C /* lab37_type_property.playground */ = {isa = PBXFileReference; lastKnownFileType = file.playground; path = lab37_type_property.playground; sourceTree = "<group>"; xcLanguageSpecificationIdentifier = xcode.lang.swift; };
		494C335422F028BA007B280C /* lab38_property_observer.playground */ = {isa = PBXFileReference; lastKnownFileType = file.playground; path = lab38_property_observer.playground; sourceTree = "<group>"; xcLanguageSpecificationIdentifier = xcode.lang.swift; };
		494C335522F02A8C007B280C /* lab39.playground */ = {isa = PBXFileReference; lastKnownFileType = file.playground; path = lab39.playground; sourceTree = "<group>"; xcLanguageSpecificationIdentifier = xcode.lang.swift; };
		494C335622F02BAC007B280C /* lab40_constructor.playground */ = {isa = PBXFileReference; lastKnownFileType = file.playground; path = lab40_constructor.playground; sourceTree = "<group>"; xcLanguageSpecificationIdentifier = xcode.lang.swift; };
		494C335722F02EFF007B280C /* lab41_mutating.playground */ = {isa = PBXFileReference; lastKnownFileType = file.playground; path = lab41_mutating.playground; sourceTree = "<group>"; xcLanguageSpecificationIdentifier = xcode.lang.swift; };
		494C335822F0333F007B280C /* lab42.playground */ = {isa = PBXFileReference; lastKnownFileType = file.playground; path = lab42.playground; sourceTree = "<group>"; xcLanguageSpecificationIdentifier = xcode.lang.swift; };
		494C335922F03499007B280C /* lab43_self_assignment.playground */ = {isa = PBXFileReference; lastKnownFileType = file.playground; path = lab43_self_assignment.playground; sourceTree = "<group>"; xcLanguageSpecificationIdentifier = xcode.lang.swift; };
		494C335A22F0363D007B280C /* lab44_static_func.playground */ = {isa = PBXFileReference; lastKnownFileType = file.playground; path = lab44_static_func.playground; sourceTree = "<group>"; xcLanguageSpecificationIdentifier = xcode.lang.swift; };
		494C335B22F037EC007B280C /* lab45_subscript.playground */ = {isa = PBXFileReference; lastKnownFileType = file.playground; path = lab45_subscript.playground; sourceTree = "<group>"; xcLanguageSpecificationIdentifier = xcode.lang.swift; };
		494C335C22F03B7E007B280C /* lab46.playground */ = {isa = PBXFileReference; lastKnownFileType = file.playground; path = lab46.playground; sourceTree = "<group>"; xcLanguageSpecificationIdentifier = xcode.lang.swift; };
		494C335D22F03EF9007B280C /* lab47_Generic.playground */ = {isa = PBXFileReference; lastKnownFileType = file.playground; path = lab47_Generic.playground; sourceTree = "<group>"; xcLanguageSpecificationIdentifier = xcode.lang.swift; };
		494C335E22F041FA007B280C /* lab48.playground */ = {isa = PBXFileReference; lastKnownFileType = file.playground; path = lab48.playground; sourceTree = "<group>"; xcLanguageSpecificationIdentifier = xcode.lang.swift; };
		49608CEF22EFD16D00458F4A /* lab21_swap.playground */ = {isa = PBXFileReference; lastKnownFileType = file.playground; path = lab21_swap.playground; sourceTree = "<group>"; xcLanguageSpecificationIdentifier = xcode.lang.swift; };
		49608CF022EFD7F600458F4A /* lab22_function_pointer.playground */ = {isa = PBXFileReference; lastKnownFileType = file.playground; path = lab22_function_pointer.playground; sourceTree = "<group>"; xcLanguageSpecificationIdentifier = xcode.lang.swift; };
		49608CF122EFDB4B00458F4A /* lab23_function_array.playground */ = {isa = PBXFileReference; lastKnownFileType = file.playground; path = lab23_function_array.playground; sourceTree = "<group>"; xcLanguageSpecificationIdentifier = xcode.lang.swift; };
		49608CF222EFDE7200458F4A /* lab24_pass_many.playground */ = {isa = PBXFileReference; lastKnownFileType = file.playground; path = lab24_pass_many.playground; sourceTree = "<group>"; xcLanguageSpecificationIdentifier = xcode.lang.swift; };
		49608CF322EFE06800458F4A /* lab25.playground */ = {isa = PBXFileReference; lastKnownFileType = file.playground; path = lab25.playground; sourceTree = "<group>"; xcLanguageSpecificationIdentifier = xcode.lang.swift; };
		49608CF422EFE16B00458F4A /* lab26_return_function.playground */ = {isa = PBXFileReference; lastKnownFileType = file.playground; path = lab26_return_function.playground; sourceTree = "<group>"; xcLanguageSpecificationIdentifier = xcode.lang.swift; };
		49608CF522EFE30B00458F4A /* lab27_function_state.playground */ = {isa = PBXFileReference; lastKnownFileType = file.playground; path = lab27_function_state.playground; sourceTree = "<group>"; xcLanguageSpecificationIdentifier = xcode.lang.swift; };
		49608CF622EFEB3C00458F4A /* lab28_enum.playground */ = {isa = PBXFileReference; lastKnownFileType = file.playground; path = lab28_enum.playground; sourceTree = "<group>"; xcLanguageSpecificationIdentifier = xcode.lang.swift; };
		49608CF722EFED5B00458F4A /* lab29.playground */ = {isa = PBXFileReference; lastKnownFileType = file.playground; path = lab29.playground; sourceTree = "<group>"; xcLanguageSpecificationIdentifier = xcode.lang.swift; };
		49608CF822EFF78900458F4A /* lab30.playground */ = {isa = PBXFileReference; lastKnownFileType = file.playground; path = lab30.playground; sourceTree = "<group>"; xcLanguageSpecificationIdentifier = xcode.lang.swift; };
		49AA929222EE9AEC00413A63 /* Demo4.app */ = {isa = PBXFileReference; explicitFileType = wrapper.application; includeInIndex = 0; path = Demo4.app; sourceTree = BUILT_PRODUCTS_DIR; };
		49AA929522EE9AEC00413A63 /* AppDelegate.swift */ = {isa = PBXFileReference; lastKnownFileType = sourcecode.swift; path = AppDelegate.swift; sourceTree = "<group>"; };
		49AA929722EE9AEC00413A63 /* ViewController.swift */ = {isa = PBXFileReference; lastKnownFileType = sourcecode.swift; path = ViewController.swift; sourceTree = "<group>"; };
		49AA929A22EE9AEC00413A63 /* Base */ = {isa = PBXFileReference; lastKnownFileType = file.storyboard; name = Base; path = Base.lproj/Main.storyboard; sourceTree = "<group>"; };
		49AA929C22EE9AED00413A63 /* Assets.xcassets */ = {isa = PBXFileReference; lastKnownFileType = folder.assetcatalog; path = Assets.xcassets; sourceTree = "<group>"; };
		49AA929F22EE9AED00413A63 /* Base */ = {isa = PBXFileReference; lastKnownFileType = file.storyboard; name = Base; path = Base.lproj/LaunchScreen.storyboard; sourceTree = "<group>"; };
		49AA92A122EE9AED00413A63 /* Info.plist */ = {isa = PBXFileReference; lastKnownFileType = text.plist.xml; path = Info.plist; sourceTree = "<group>"; };
		49AA92A722EE9B3100413A63 /* lab1.playground */ = {isa = PBXFileReference; lastKnownFileType = file.playground; path = lab1.playground; sourceTree = "<group>"; xcLanguageSpecificationIdentifier = xcode.lang.swift; };
		49AA92A822EEA01F00413A63 /* README.md */ = {isa = PBXFileReference; lastKnownFileType = net.daringfireball.markdown; path = README.md; sourceTree = "<group>"; };
		49AA92AA22EEBC5700413A63 /* lab2_var_let.playground */ = {isa = PBXFileReference; lastKnownFileType = file.playground; path = lab2_var_let.playground; sourceTree = "<group>"; xcLanguageSpecificationIdentifier = xcode.lang.swift; };
		49AA92AB22EEBFDA00413A63 /* lab3_var_let_advance.playground */ = {isa = PBXFileReference; lastKnownFileType = file.playground; path = lab3_var_let_advance.playground; sourceTree = "<group>"; xcLanguageSpecificationIdentifier = xcode.lang.swift; };
		49AA92AC22EEC14E00413A63 /* lab4_print.playground */ = {isa = PBXFileReference; lastKnownFileType = file.playground; path = lab4_print.playground; sourceTree = "<group>"; xcLanguageSpecificationIdentifier = xcode.lang.swift; };
		49AA92AD22EEC2CC00413A63 /* lab5_coersion.playground */ = {isa = PBXFileReference; lastKnownFileType = file.playground; path = lab5_coersion.playground; sourceTree = "<group>"; xcLanguageSpecificationIdentifier = xcode.lang.swift; };
		49AA92AE22EEC3E600413A63 /* lab6_coersion2.playground */ = {isa = PBXFileReference; lastKnownFileType = file.playground; path = lab6_coersion2.playground; sourceTree = "<group>"; xcLanguageSpecificationIdentifier = xcode.lang.swift; };
		49AA92AF22EEC56D00413A63 /* lab7_String_Formatter.playground */ = {isa = PBXFileReference; lastKnownFileType = file.playground; path = lab7_String_Formatter.playground; sourceTree = "<group>"; xcLanguageSpecificationIdentifier = xcode.lang.swift; };
		49AA92B022EEC73000413A63 /* lab8_array.playground */ = {isa = PBXFileReference; lastKnownFileType = file.playground; path = lab8_array.playground; sourceTree = "<group>"; xcLanguageSpecificationIdentifier = xcode.lang.swift; };
		49AA92B122EEC9A800413A63 /* lab9_dictionary.playground */ = {isa = PBXFileReference; lastKnownFileType = file.playground; path = lab9_dictionary.playground; sourceTree = "<group>"; xcLanguageSpecificationIdentifier = xcode.lang.swift; };
		49AA92B222EECE6300413A63 /* lab10.playground */ = {isa = PBXFileReference; lastKnownFileType = file.playground; path = lab10.playground; sourceTree = "<group>"; xcLanguageSpecificationIdentifier = xcode.lang.swift; };
		49B3533A22EED36C00AC74BD /* lab11_nullify.playground */ = {isa = PBXFileReference; lastKnownFileType = file.playground; path = lab11_nullify.playground; sourceTree = "<group>"; xcLanguageSpecificationIdentifier = xcode.lang.swift; };
		49B3533B22EED85F00AC74BD /* lab12_nullify2.playground */ = {isa = PBXFileReference; lastKnownFileType = file.playground; path = lab12_nullify2.playground; sourceTree = "<group>"; xcLanguageSpecificationIdentifier = xcode.lang.swift; };
		49B3533C22EED97B00AC74BD /* lab13_switch.playground */ = {isa = PBXFileReference; lastKnownFileType = file.playground; path = lab13_switch.playground; sourceTree = "<group>"; xcLanguageSpecificationIdentifier = xcode.lang.swift; };
		49B3533D22EEDD3900AC74BD /* lab14.playground */ = {isa = PBXFileReference; lastKnownFileType = file.playground; path = lab14.playground; sourceTree = "<group>"; xcLanguageSpecificationIdentifier = xcode.lang.swift; };
		49B3533E22EEE16700AC74BD /* lab15_closure.playground */ = {isa = PBXFileReference; lastKnownFileType = file.playground; path = lab15_closure.playground; sourceTree = "<group>"; xcLanguageSpecificationIdentifier = xcode.lang.swift; };
		49B3533F22EEE53500AC74BD /* lab16_closure.playground */ = {isa = PBXFileReference; lastKnownFileType = file.playground; path = lab16_closure.playground; sourceTree = "<group>"; xcLanguageSpecificationIdentifier = xcode.lang.swift; };
		49B3534022EEE89000AC74BD /* lab17_closure.playground */ = {isa = PBXFileReference; lastKnownFileType = file.playground; path = lab17_closure.playground; sourceTree = "<group>"; xcLanguageSpecificationIdentifier = xcode.lang.swift; };
		49B3534122EEEC0700AC74BD /* lab18_callFunc.playground */ = {isa = PBXFileReference; lastKnownFileType = file.playground; path = lab18_callFunc.playground; sourceTree = "<group>"; xcLanguageSpecificationIdentifier = xcode.lang.swift; };
		49B3534222EEEE9E00AC74BD /* lab19_.playground */ = {isa = PBXFileReference; lastKnownFileType = file.playground; path = lab19_.playground; sourceTree = "<group>"; xcLanguageSpecificationIdentifier = xcode.lang.swift; };
/* End PBXFileReference section */

/* Begin PBXFrameworksBuildPhase section */
		49AA928F22EE9AEC00413A63 /* Frameworks */ = {
			isa = PBXFrameworksBuildPhase;
			buildActionMask = 2147483647;
			files = (
			);
			runOnlyForDeploymentPostprocessing = 0;
		};
/* End PBXFrameworksBuildPhase section */

/* Begin PBXGroup section */
		49AA928922EE9AEC00413A63 = {
			isa = PBXGroup;
			children = (
				494C335E22F041FA007B280C /* lab48.playground */,
				494C335D22F03EF9007B280C /* lab47_Generic.playground */,
				494C335C22F03B7E007B280C /* lab46.playground */,
				494C335B22F037EC007B280C /* lab45_subscript.playground */,
				494C335A22F0363D007B280C /* lab44_static_func.playground */,
				494C335922F03499007B280C /* lab43_self_assignment.playground */,
				494C335822F0333F007B280C /* lab42.playground */,
				494C335722F02EFF007B280C /* lab41_mutating.playground */,
				494C335622F02BAC007B280C /* lab40_constructor.playground */,
				494C335522F02A8C007B280C /* lab39.playground */,
				494C335422F028BA007B280C /* lab38_property_observer.playground */,
				494C335322F02447007B280C /* lab37_type_property.playground */,
				494C335222F022B9007B280C /* lab36_store_property.playground */,
				494C335122F01DCA007B280C /* lab35_array_equal.playground */,
				494C335022F01C74007B280C /* lab34_dictionary_equal.playground */,
				494C334F22F01526007B280C /* lab33_class_reference.playground */,
				494C334E22F01352007B280C /* lab32_struct.playground */,
				494C334D22F00E98007B280C /* lab31_IMPORTANT_struct_and_class.playground */,
				49608CF822EFF78900458F4A /* lab30.playground */,
				49608CF722EFED5B00458F4A /* lab29.playground */,
				49608CF622EFEB3C00458F4A /* lab28_enum.playground */,
				49608CF522EFE30B00458F4A /* lab27_function_state.playground */,
				49608CF422EFE16B00458F4A /* lab26_return_function.playground */,
				49608CF322EFE06800458F4A /* lab25.playground */,
				49608CF222EFDE7200458F4A /* lab24_pass_many.playground */,
				49608CF122EFDB4B00458F4A /* lab23_function_array.playground */,
				49608CEF22EFD16D00458F4A /* lab21_swap.playground */,
				49608CF022EFD7F600458F4A /* lab22_function_pointer.playground */,
				49AA92A822EEA01F00413A63 /* README.md */,
				49AA92A722EE9B3100413A63 /* lab1.playground */,
				49AA92AA22EEBC5700413A63 /* lab2_var_let.playground */,
				49AA92AB22EEBFDA00413A63 /* lab3_var_let_advance.playground */,
				49AA92AC22EEC14E00413A63 /* lab4_print.playground */,
				49AA92AD22EEC2CC00413A63 /* lab5_coersion.playground */,
				49AA92AE22EEC3E600413A63 /* lab6_coersion2.playground */,
				49AA92AF22EEC56D00413A63 /* lab7_String_Formatter.playground */,
				49AA92B022EEC73000413A63 /* lab8_array.playground */,
				49AA92B122EEC9A800413A63 /* lab9_dictionary.playground */,
				49AA92B222EECE6300413A63 /* lab10.playground */,
				49B3533A22EED36C00AC74BD /* lab11_nullify.playground */,
				49B3533B22EED85F00AC74BD /* lab12_nullify2.playground */,
				49B3533C22EED97B00AC74BD /* lab13_switch.playground */,
				49B3533D22EEDD3900AC74BD /* lab14.playground */,
				49B3533E22EEE16700AC74BD /* lab15_closure.playground */,
				49B3533F22EEE53500AC74BD /* lab16_closure.playground */,
				49B3534022EEE89000AC74BD /* lab17_closure.playground */,
				49B3534122EEEC0700AC74BD /* lab18_callFunc.playground */,
				49B3534222EEEE9E00AC74BD /* lab19_.playground */,
				49AA929422EE9AEC00413A63 /* Demo4 */,
				49AA929322EE9AEC00413A63 /* Products */,
			);
			sourceTree = "<group>";
		};
		49AA929322EE9AEC00413A63 /* Products */ = {
			isa = PBXGroup;
			children = (
				49AA929222EE9AEC00413A63 /* Demo4.app */,
			);
			name = Products;
			sourceTree = "<group>";
		};
		49AA929422EE9AEC00413A63 /* Demo4 */ = {
			isa = PBXGroup;
			children = (
				49AA929522EE9AEC00413A63 /* AppDelegate.swift */,
				49AA929722EE9AEC00413A63 /* ViewController.swift */,
				49AA929922EE9AEC00413A63 /* Main.storyboard */,
				49AA929C22EE9AED00413A63 /* Assets.xcassets */,
				49AA929E22EE9AED00413A63 /* LaunchScreen.storyboard */,
				49AA92A122EE9AED00413A63 /* Info.plist */,
			);
			path = Demo4;
			sourceTree = "<group>";
		};
/* End PBXGroup section */

/* Begin PBXNativeTarget section */
		49AA929122EE9AEC00413A63 /* Demo4 */ = {
			isa = PBXNativeTarget;
			buildConfigurationList = 49AA92A422EE9AED00413A63 /* Build configuration list for PBXNativeTarget "Demo4" */;
			buildPhases = (
				49AA928E22EE9AEC00413A63 /* Sources */,
				49AA928F22EE9AEC00413A63 /* Frameworks */,
				49AA929022EE9AEC00413A63 /* Resources */,
			);
			buildRules = (
			);
			dependencies = (
			);
			name = Demo4;
			productName = Demo4;
			productReference = 49AA929222EE9AEC00413A63 /* Demo4.app */;
			productType = "com.apple.product-type.application";
		};
/* End PBXNativeTarget section */

/* Begin PBXProject section */
		49AA928A22EE9AEC00413A63 /* Project object */ = {
			isa = PBXProject;
			attributes = {
				LastSwiftUpdateCheck = 1030;
				LastUpgradeCheck = 1030;
				ORGANIZATIONNAME = mjz;
				TargetAttributes = {
					49AA929122EE9AEC00413A63 = {
						CreatedOnToolsVersion = 10.3;
					};
				};
			};
			buildConfigurationList = 49AA928D22EE9AEC00413A63 /* Build configuration list for PBXProject "Demo4" */;
			compatibilityVersion = "Xcode 9.3";
			developmentRegion = en;
			hasScannedForEncodings = 0;
			knownRegions = (
				en,
				Base,
			);
			mainGroup = 49AA928922EE9AEC00413A63;
			productRefGroup = 49AA929322EE9AEC00413A63 /* Products */;
			projectDirPath = "";
			projectRoot = "";
			targets = (
				49AA929122EE9AEC00413A63 /* Demo4 */,
			);
		};
/* End PBXProject section */

/* Begin PBXResourcesBuildPhase section */
		49AA929022EE9AEC00413A63 /* Resources */ = {
			isa = PBXResourcesBuildPhase;
			buildActionMask = 2147483647;
			files = (
				49AA92A022EE9AED00413A63 /* LaunchScreen.storyboard in Resources */,
				49AA929D22EE9AED00413A63 /* Assets.xcassets in Resources */,
				49AA92A922EEA01F00413A63 /* README.md in Resources */,
				49AA929B22EE9AEC00413A63 /* Main.storyboard in Resources */,
			);
			runOnlyForDeploymentPostprocessing = 0;
		};
/* End PBXResourcesBuildPhase section */

/* Begin PBXSourcesBuildPhase section */
		49AA928E22EE9AEC00413A63 /* Sources */ = {
			isa = PBXSourcesBuildPhase;
			buildActionMask = 2147483647;
			files = (
				49AA929822EE9AEC00413A63 /* ViewController.swift in Sources */,
				49AA929622EE9AEC00413A63 /* AppDelegate.swift in Sources */,
			);
			runOnlyForDeploymentPostprocessing = 0;
		};
/* End PBXSourcesBuildPhase section */

/* Begin PBXVariantGroup section */
		49AA929922EE9AEC00413A63 /* Main.storyboard */ = {
			isa = PBXVariantGroup;
			children = (
				49AA929A22EE9AEC00413A63 /* Base */,
			);
			name = Main.storyboard;
			sourceTree = "<group>";
		};
		49AA929E22EE9AED00413A63 /* LaunchScreen.storyboard */ = {
			isa = PBXVariantGroup;
			children = (
				49AA929F22EE9AED00413A63 /* Base */,
			);
			name = LaunchScreen.storyboard;
			sourceTree = "<group>";
		};
/* End PBXVariantGroup section */

/* Begin XCBuildConfiguration section */
		49AA92A222EE9AED00413A63 /* Debug */ = {
			isa = XCBuildConfiguration;
			buildSettings = {
				ALWAYS_SEARCH_USER_PATHS = NO;
				CLANG_ANALYZER_NONNULL = YES;
				CLANG_ANALYZER_NUMBER_OBJECT_CONVERSION = YES_AGGRESSIVE;
				CLANG_CXX_LANGUAGE_STANDARD = "gnu++14";
				CLANG_CXX_LIBRARY = "libc++";
				CLANG_ENABLE_MODULES = YES;
				CLANG_ENABLE_OBJC_ARC = YES;
				CLANG_ENABLE_OBJC_WEAK = YES;
				CLANG_WARN_BLOCK_CAPTURE_AUTORELEASING = YES;
				CLANG_WARN_BOOL_CONVERSION = YES;
				CLANG_WARN_COMMA = YES;
				CLANG_WARN_CONSTANT_CONVERSION = YES;
				CLANG_WARN_DEPRECATED_OBJC_IMPLEMENTATIONS = YES;
				CLANG_WARN_DIRECT_OBJC_ISA_USAGE = YES_ERROR;
				CLANG_WARN_DOCUMENTATION_COMMENTS = YES;
				CLANG_WARN_EMPTY_BODY = YES;
				CLANG_WARN_ENUM_CONVERSION = YES;
				CLANG_WARN_INFINITE_RECURSION = YES;
				CLANG_WARN_INT_CONVERSION = YES;
				CLANG_WARN_NON_LITERAL_NULL_CONVERSION = YES;
				CLANG_WARN_OBJC_IMPLICIT_RETAIN_SELF = YES;
				CLANG_WARN_OBJC_LITERAL_CONVERSION = YES;
				CLANG_WARN_OBJC_ROOT_CLASS = YES_ERROR;
				CLANG_WARN_RANGE_LOOP_ANALYSIS = YES;
				CLANG_WARN_STRICT_PROTOTYPES = YES;
				CLANG_WARN_SUSPICIOUS_MOVE = YES;
				CLANG_WARN_UNGUARDED_AVAILABILITY = YES_AGGRESSIVE;
				CLANG_WARN_UNREACHABLE_CODE = YES;
				CLANG_WARN__DUPLICATE_METHOD_MATCH = YES;
				CODE_SIGN_IDENTITY = "iPhone Developer";
				COPY_PHASE_STRIP = NO;
				DEBUG_INFORMATION_FORMAT = dwarf;
				ENABLE_STRICT_OBJC_MSGSEND = YES;
				ENABLE_TESTABILITY = YES;
				GCC_C_LANGUAGE_STANDARD = gnu11;
				GCC_DYNAMIC_NO_PIC = NO;
				GCC_NO_COMMON_BLOCKS = YES;
				GCC_OPTIMIZATION_LEVEL = 0;
				GCC_PREPROCESSOR_DEFINITIONS = (
					"DEBUG=1",
					"$(inherited)",
				);
				GCC_WARN_64_TO_32_BIT_CONVERSION = YES;
				GCC_WARN_ABOUT_RETURN_TYPE = YES_ERROR;
				GCC_WARN_UNDECLARED_SELECTOR = YES;
				GCC_WARN_UNINITIALIZED_AUTOS = YES_AGGRESSIVE;
				GCC_WARN_UNUSED_FUNCTION = YES;
				GCC_WARN_UNUSED_VARIABLE = YES;
				IPHONEOS_DEPLOYMENT_TARGET = 12.4;
				MTL_ENABLE_DEBUG_INFO = INCLUDE_SOURCE;
				MTL_FAST_MATH = YES;
				ONLY_ACTIVE_ARCH = YES;
				SDKROOT = iphoneos;
				SWIFT_ACTIVE_COMPILATION_CONDITIONS = DEBUG;
				SWIFT_OPTIMIZATION_LEVEL = "-Onone";
			};
			name = Debug;
		};
		49AA92A322EE9AED00413A63 /* Release */ = {
			isa = XCBuildConfiguration;
			buildSettings = {
				ALWAYS_SEARCH_USER_PATHS = NO;
				CLANG_ANALYZER_NONNULL = YES;
				CLANG_ANALYZER_NUMBER_OBJECT_CONVERSION = YES_AGGRESSIVE;
				CLANG_CXX_LANGUAGE_STANDARD = "gnu++14";
				CLANG_CXX_LIBRARY = "libc++";
				CLANG_ENABLE_MODULES = YES;
				CLANG_ENABLE_OBJC_ARC = YES;
				CLANG_ENABLE_OBJC_WEAK = YES;
				CLANG_WARN_BLOCK_CAPTURE_AUTORELEASING = YES;
				CLANG_WARN_BOOL_CONVERSION = YES;
				CLANG_WARN_COMMA = YES;
				CLANG_WARN_CONSTANT_CONVERSION = YES;
				CLANG_WARN_DEPRECATED_OBJC_IMPLEMENTATIONS = YES;
				CLANG_WARN_DIRECT_OBJC_ISA_USAGE = YES_ERROR;
				CLANG_WARN_DOCUMENTATION_COMMENTS = YES;
				CLANG_WARN_EMPTY_BODY = YES;
				CLANG_WARN_ENUM_CONVERSION = YES;
				CLANG_WARN_INFINITE_RECURSION = YES;
				CLANG_WARN_INT_CONVERSION = YES;
				CLANG_WARN_NON_LITERAL_NULL_CONVERSION = YES;
				CLANG_WARN_OBJC_IMPLICIT_RETAIN_SELF = YES;
				CLANG_WARN_OBJC_LITERAL_CONVERSION = YES;
				CLANG_WARN_OBJC_ROOT_CLASS = YES_ERROR;
				CLANG_WARN_RANGE_LOOP_ANALYSIS = YES;
				CLANG_WARN_STRICT_PROTOTYPES = YES;
				CLANG_WARN_SUSPICIOUS_MOVE = YES;
				CLANG_WARN_UNGUARDED_AVAILABILITY = YES_AGGRESSIVE;
				CLANG_WARN_UNREACHABLE_CODE = YES;
				CLANG_WARN__DUPLICATE_METHOD_MATCH = YES;
				CODE_SIGN_IDENTITY = "iPhone Developer";
				COPY_PHASE_STRIP = NO;
				DEBUG_INFORMATION_FORMAT = "dwarf-with-dsym";
				ENABLE_NS_ASSERTIONS = NO;
				ENABLE_STRICT_OBJC_MSGSEND = YES;
				GCC_C_LANGUAGE_STANDARD = gnu11;
				GCC_NO_COMMON_BLOCKS = YES;
				GCC_WARN_64_TO_32_BIT_CONVERSION = YES;
				GCC_WARN_ABOUT_RETURN_TYPE = YES_ERROR;
				GCC_WARN_UNDECLARED_SELECTOR = YES;
				GCC_WARN_UNINITIALIZED_AUTOS = YES_AGGRESSIVE;
				GCC_WARN_UNUSED_FUNCTION = YES;
				GCC_WARN_UNUSED_VARIABLE = YES;
				IPHONEOS_DEPLOYMENT_TARGET = 12.4;
				MTL_ENABLE_DEBUG_INFO = NO;
				MTL_FAST_MATH = YES;
				SDKROOT = iphoneos;
				SWIFT_COMPILATION_MODE = wholemodule;
				SWIFT_OPTIMIZATION_LEVEL = "-O";
				VALIDATE_PRODUCT = YES;
			};
			name = Release;
		};
		49AA92A522EE9AED00413A63 /* Debug */ = {
			isa = XCBuildConfiguration;
			buildSettings = {
				ASSETCATALOG_COMPILER_APPICON_NAME = AppIcon;
				CODE_SIGN_STYLE = Automatic;
				INFOPLIST_FILE = Demo4/Info.plist;
				LD_RUNPATH_SEARCH_PATHS = (
					"$(inherited)",
					"@executable_path/Frameworks",
				);
				PRODUCT_BUNDLE_IDENTIFIER = com.mjz.Demo4;
				PRODUCT_NAME = "$(TARGET_NAME)";
				SWIFT_VERSION = 5.0;
				TARGETED_DEVICE_FAMILY = "1,2";
			};
			name = Debug;
		};
		49AA92A622EE9AED00413A63 /* Release */ = {
			isa = XCBuildConfiguration;
			buildSettings = {
				ASSETCATALOG_COMPILER_APPICON_NAME = AppIcon;
				CODE_SIGN_STYLE = Automatic;
				INFOPLIST_FILE = Demo4/Info.plist;
				LD_RUNPATH_SEARCH_PATHS = (
					"$(inherited)",
					"@executable_path/Frameworks",
				);
				PRODUCT_BUNDLE_IDENTIFIER = com.mjz.Demo4;
				PRODUCT_NAME = "$(TARGET_NAME)";
				SWIFT_VERSION = 5.0;
				TARGETED_DEVICE_FAMILY = "1,2";
			};
			name = Release;
		};
/* End XCBuildConfiguration section */

/* Begin XCConfigurationList section */
		49AA928D22EE9AEC00413A63 /* Build configuration list for PBXProject "Demo4" */ = {
			isa = XCConfigurationList;
			buildConfigurations = (
				49AA92A222EE9AED00413A63 /* Debug */,
				49AA92A322EE9AED00413A63 /* Release */,
			);
			defaultConfigurationIsVisible = 0;
			defaultConfigurationName = Release;
		};
		49AA92A422EE9AED00413A63 /* Build configuration list for PBXNativeTarget "Demo4" */ = {
			isa = XCConfigurationList;
			buildConfigurations = (
				49AA92A522EE9AED00413A63 /* Debug */,
				49AA92A622EE9AED00413A63 /* Release */,
			);
			defaultConfigurationIsVisible = 0;
			defaultConfigurationName = Release;
		};
/* End XCConfigurationList section */
	};
	rootObject = 49AA928A22EE9AEC00413A63 /* Project object */;
}
